
Microsoft Visual Studio Solution File, Format Version 11.00
# Visual Studio 2010
# SharpDevelop 4.4
Project("{FAE04EC0-301F-11D3-BF4B-00C04F79EFBC}") = "select", "select\select.csproj", "{2F01FAD1-A064-48BC-99B5-B6100B09CD9A}"
EndProject
Global
	GlobalSection(SolutionConfigurationPlatforms) = preSolution
		Debug|Any CPU = Debug|Any CPU
		Release|Any CPU = Release|Any CPU
	EndGlobalSection
	GlobalSection(ProjectConfigurationPlatforms) = postSolution
		{2F01FAD1-A064-48BC-99B5-B6100B09CD9A}.Debug|Any CPU.Build.0 = Debug|Any CPU
		{2F01FAD1-A064-48BC-99B5-B6100B09CD9A}.Debug|Any CPU.ActiveCfg = Debug|Any CPU
		{2F01FAD1-A064-48BC-99B5-B6100B09CD9A}.Release|Any CPU.Build.0 = Release|Any CPU
		{2F01FAD1-A064-48BC-99B5-B6100B09CD9A}.Release|Any CPU.ActiveCfg = Release|Any CPU
	EndGlobalSection
EndGlobal
